{
  "requires": true,
  "lockfileVersion": 1,
  "dependencies": {
    "cc.fovea.cordova.purchase": {
      "version": "6.1.2",
      "resolved": "https://registry.npmjs.org/cc.fovea.cordova.purchase/-/cc.fovea.cordova.purchase-6.1.2.tgz",
      "integrity": "sha1-iKP6Da5Wl0RkAsxMUAI0QiCvZ+0="
    },
    "cd": {
      "version": "0.3.3",
      "resolved": "https://registry.npmjs.org/cd/-/cd-0.3.3.tgz",
      "integrity": "sha1-EI7LV7/5O5a5EVxUVzz+8wCO+U0="
    },
    "cordova-plugin-ionic-keyboard": {
      "version": "2.0.5",
      "resolved": "https://registry.npmjs.org/cordova-plugin-ionic-keyboard/-/cordova-plugin-ionic-keyboard-2.0.5.tgz",
      "integrity": "sha512-ygwK+U7Vs7OJJYsDrWAxhegHfvuRRpMC3Y8RhQSVLfv4ELrXtkCUjD+UfsDQ3aObpvxGLTvcVrOw5p04dPXy3w=="
    }
  }
}
